// !$*UTF8*$!
{
	archiveVersion = 1;
	classes = {
	};
	objectVersion = 46;
	objects = {

/* Begin PBXBuildFile section */
		2D996AF31DFCC1B2008642E3 /* AppDelegate.swift in Sources */ = {isa = PBXBuildFile; fileRef = 2D996AF21DFCC1B2008642E3 /* AppDelegate.swift */; };
		2D996AF51DFCC1B2008642E3 /* ViewController.swift in Sources */ = {isa = PBXBuildFile; fileRef = 2D996AF41DFCC1B2008642E3 /* ViewController.swift */; };
		2D996AF81DFCC1B2008642E3 /* Main.storyboard in Resources */ = {isa = PBXBuildFile; fileRef = 2D996AF61DFCC1B2008642E3 /* Main.storyboard */; };
		2D996AFA1DFCC1B2008642E3 /* Assets.xcassets in Resources */ = {isa = PBXBuildFile; fileRef = 2D996AF91DFCC1B2008642E3 /* Assets.xcassets */; };
		2D996AFD1DFCC1B2008642E3 /* LaunchScreen.storyboard in Resources */ = {isa = PBXBuildFile; fileRef = 2D996AFB1DFCC1B2008642E3 /* LaunchScreen.storyboard */; };
		2D996B081DFCC1B2008642E3 /* CCMStatusTests.swift in Sources */ = {isa = PBXBuildFile; fileRef = 2D996B071DFCC1B2008642E3 /* CCMStatusTests.swift */; };
/* End PBXBuildFile section */

/* Begin PBXContainerItemProxy section */
		2D996B041DFCC1B2008642E3 /* PBXContainerItemProxy */ = {
			isa = PBXContainerItemProxy;
			containerPortal = 2D996AE71DFCC1B1008642E3 /* Project object */;
			proxyType = 1;
			remoteGlobalIDString = 2D996AEE1DFCC1B1008642E3;
			remoteInfo = CCMStatus;
		};
/* End PBXContainerItemProxy section */

/* Begin PBXFileReference section */
		2D996AEF1DFCC1B1008642E3 /* CCMStatus.app */ = {isa = PBXFileReference; explicitFileType = wrapper.application; includeInIndex = 0; path = CCMStatus.app; sourceTree = BUILT_PRODUCTS_DIR; };
		2D996AF21DFCC1B2008642E3 /* AppDelegate.swift */ = {isa = PBXFileReference; lastKnownFileType = sourcecode.swift; path = AppDelegate.swift; sourceTree = "<group>"; };
		2D996AF41DFCC1B2008642E3 /* ViewController.swift */ = {isa = PBXFileReference; lastKnownFileType = sourcecode.swift; path = ViewController.swift; sourceTree = "<group>"; };
		2D996AF71DFCC1B2008642E3 /* Base */ = {isa = PBXFileReference; lastKnownFileType = file.storyboard; name = Base; path = Base.lproj/Main.storyboard; sourceTree = "<group>"; };
		2D996AF91DFCC1B2008642E3 /* Assets.xcassets */ = {isa = PBXFileReference; lastKnownFileType = folder.assetcatalog; path = Assets.xcassets; sourceTree = "<group>"; };
		2D996AFC1DFCC1B2008642E3 /* Base */ = {isa = PBXFileReference; lastKnownFileType = file.storyboard; name = Base; path = Base.lproj/LaunchScreen.storyboard; sourceTree = "<group>"; };
		2D996AFE1DFCC1B2008642E3 /* Info.plist */ = {isa = PBXFileReference; lastKnownFileType = text.plist.xml; path = Info.plist; sourceTree = "<group>"; };
		2D996B031DFCC1B2008642E3 /* CCMStatusTests.xctest */ = {isa = PBXFileReference; explicitFileType = wrapper.cfbundle; includeInIndex = 0; path = CCMStatusTests.xctest; sourceTree = BUILT_PRODUCTS_DIR; };
		2D996B071DFCC1B2008642E3 /* CCMStatusTests.swift */ = {isa = PBXFileReference; lastKnownFileType = sourcecode.swift; path = CCMStatusTests.swift; sourceTree = "<group>"; };
		2D996B091DFCC1B2008642E3 /* Info.plist */ = {isa = PBXFileReference; lastKnownFileType = text.plist.xml; path = Info.plist; sourceTree = "<group>"; };
/* End PBXFileReference section */

/* Begin PBXFrameworksBuildPhase section */
		2D996AEC1DFCC1B1008642E3 /* Frameworks */ = {
			isa = PBXFrameworksBuildPhase;
			buildActionMask = 2147483647;
			files = (
			);
			runOnlyForDeploymentPostprocessing = 0;
		};
		2D996B001DFCC1B2008642E3 /* Frameworks */ = {
			isa = PBXFrameworksBuildPhase;
			buildActionMask = 2147483647;
			files = (
			);
			runOnlyForDeploymentPostprocessing = 0;
		};
/* End PBXFrameworksBuildPhase section */

/* Begin PBXGroup section */
		2D996AE61DFCC1B1008642E3 = {
			isa = PBXGroup;
			children = (
				2D996AF11DFCC1B1008642E3 /* CCMStatus */,
				2D996B061DFCC1B2008642E3 /* CCMStatusTests */,
				2D996AF01DFCC1B1008642E3 /* Products */,
			);
			sourceTree = "<group>";
		};
		2D996AF01DFCC1B1008642E3 /* Products */ = {
			isa = PBXGroup;
			children = (
				2D996AEF1DFCC1B1008642E3 /* CCMStatus.app */,
				2D996B031DFCC1B2008642E3 /* CCMStatusTests.xctest */,
			);
			name = Products;
			sourceTree = "<group>";
		};
		2D996AF11DFCC1B1008642E3 /* CCMStatus */ = {
			isa = PBXGroup;
			children = (
				2D996AF21DFCC1B2008642E3 /* AppDelegate.swift */,
				2D996AF41DFCC1B2008642E3 /* ViewController.swift */,
				2D996AF61DFCC1B2008642E3 /* Main.storyboard */,
				2D996AF91DFCC1B2008642E3 /* Assets.xcassets */,
				2D996AFB1DFCC1B2008642E3 /* LaunchScreen.storyboard */,
				2D996AFE1DFCC1B2008642E3 /* Info.plist */,
			);
			path = CCMStatus;
			sourceTree = "<group>";
		};
		2D996B061DFCC1B2008642E3 /* CCMStatusTests */ = {
			isa = PBXGroup;
			children = (
				2D996B071DFCC1B2008642E3 /* CCMStatusTests.swift */,
				2D996B091DFCC1B2008642E3 /* Info.plist */,
			);
			path = CCMStatusTests;
			sourceTree = "<group>";
		};
/* End PBXGroup section */

/* Begin PBXNativeTarget section */
		2D996AEE1DFCC1B1008642E3 /* CCMStatus */ = {
			isa = PBXNativeTarget;
			buildConfigurationList = 2D996B0C1DFCC1B2008642E3 /* Build configuration list for PBXNativeTarget "CCMStatus" */;
			buildPhases = (
				2D996AEB1DFCC1B1008642E3 /* Sources */,
				2D996AEC1DFCC1B1008642E3 /* Frameworks */,
				2D996AED1DFCC1B1008642E3 /* Resources */,
			);
			buildRules = (
			);
			dependencies = (
			);
			name = CCMStatus;
			productName = CCMStatus;
			productReference = 2D996AEF1DFCC1B1008642E3 /* CCMStatus.app */;
			productType = "com.apple.product-type.application";
		};
		2D996B021DFCC1B2008642E3 /* CCMStatusTests */ = {
			isa = PBXNativeTarget;
			buildConfigurationList = 2D996B0F1DFCC1B2008642E3 /* Build configuration list for PBXNativeTarget "CCMStatusTests" */;
			buildPhases = (
				2D996AFF1DFCC1B2008642E3 /* Sources */,
				2D996B001DFCC1B2008642E3 /* Frameworks */,
				2D996B011DFCC1B2008642E3 /* Resources */,
			);
			buildRules = (
			);
			dependencies = (
				2D996B051DFCC1B2008642E3 /* PBXTargetDependency */,
			);
			name = CCMStatusTests;
			productName = CCMStatusTests;
			productReference = 2D996B031DFCC1B2008642E3 /* CCMStatusTests.xctest */;
			productType = "com.apple.product-type.bundle.unit-test";
		};
/* End PBXNativeTarget section */

/* Begin PBXProject section */
		2D996AE71DFCC1B1008642E3 /* Project object */ = {
			isa = PBXProject;
			attributes = {
				LastSwiftUpdateCheck = 0730;
				LastUpgradeCheck = 0730;
				ORGANIZATIONNAME = johannmg;
				TargetAttributes = {
					2D996AEE1DFCC1B1008642E3 = {
						CreatedOnToolsVersion = 7.3;
					};
					2D996B021DFCC1B2008642E3 = {
						CreatedOnToolsVersion = 7.3;
						TestTargetID = 2D996AEE1DFCC1B1008642E3;
					};
				};
			};
			buildConfigurationList = 2D996AEA1DFCC1B1008642E3 /* Build configuration list for PBXProject "CCMStatus" */;
			compatibilityVersion = "Xcode 3.2";
			developmentRegion = English;
			hasScannedForEncodings = 0;
			knownRegions = (
				en,
				Base,
			);
			mainGroup = 2D996AE61DFCC1B1008642E3;
			productRefGroup = 2D996AF01DFCC1B1008642E3 /* Products */;
			projectDirPath = "";
			projectRoot = "";
			targets = (
				2D996AEE1DFCC1B1008642E3 /* CCMStatus */,
				2D996B021DFCC1B2008642E3 /* CCMStatusTests */,
			);
		};
/* End PBXProject section */

/* Begin PBXResourcesBuildPhase section */
		2D996AED1DFCC1B1008642E3 /* Resources */ = {
			isa = PBXResourcesBuildPhase;
			buildActionMask = 2147483647;
			files = (
				2D996AFD1DFCC1B2008642E3 /* LaunchScreen.storyboard in Resources */,
				2D996AFA1DFCC1B2008642E3 /* Assets.xcassets in Resources */,
				2D996AF81DFCC1B2008642E3 /* Main.storyboard in Resources */,
			);
			runOnlyForDeploymentPostprocessing = 0;
		};
		2D996B011DFCC1B2008642E3 /* Resources */ = {
			isa = PBXResourcesBuildPhase;
			buildActionMask = 2147483647;
			files = (
			);
			runOnlyForDeploymentPostprocessing = 0;
		};
/* End PBXResourcesBuildPhase section */

/* Begin PBXSourcesBuildPhase section */
		2D996AEB1DFCC1B1008642E3 /* Sources */ = {
			isa = PBXSourcesBuildPhase;
			buildActionMask = 2147483647;
			files = (
				2D996AF51DFCC1B2008642E3 /* ViewController.swift in Sources */,
				2D996AF31DFCC1B2008642E3 /* AppDelegate.swift in Sources */,
			);
			runOnlyForDeploymentPostprocessing = 0;
		};
		2D996AFF1DFCC1B2008642E3 /* Sources */ = {
			isa = PBXSourcesBuildPhase;
			buildActionMask = 2147483647;
			files = (
				2D996B081DFCC1B2008642E3 /* CCMStatusTests.swift in Sources */,
			);
			runOnlyForDeploymentPostprocessing = 0;
		};
/* End PBXSourcesBuildPhase section */

/* Begin PBXTargetDependency section */
		2D996B051DFCC1B2008642E3 /* PBXTargetDependency */ = {
			isa = PBXTargetDependency;
			target = 2D996AEE1DFCC1B1008642E3 /* CCMStatus */;
			targetProxy = 2D996B041DFCC1B2008642E3 /* PBXContainerItemProxy */;
		};
/* End PBXTargetDependency section */

/* Begin PBXVariantGroup section */
		2D996AF61DFCC1B2008642E3 /* Main.storyboard */ = {
			isa = PBXVariantGroup;
			children = (
				2D996AF71DFCC1B2008642E3 /* Base */,
			);
			name = Main.storyboard;
			sourceTree = "<group>";
		};
		2D996AFB1DFCC1B2008642E3 /* LaunchScreen.storyboard */ = {
			isa = PBXVariantGroup;
			children = (
				2D996AFC1DFCC1B2008642E3 /* Base */,
			);
			name = LaunchScreen.storyboard;
			sourceTree = "<group>";
		};
/* End PBXVariantGroup section */

/* Begin XCBuildConfiguration section */
		2D996B0A1DFCC1B2008642E3 /* Debug */ = {
			isa = XCBuildConfiguration;
			buildSettings = {
				ALWAYS_SEARCH_USER_PATHS = NO;
				CLANG_ANALYZER_NONNULL = YES;
				CLANG_CXX_LANGUAGE_STANDARD = "gnu++0x";
				CLANG_CXX_LIBRARY = "libc++";
				CLANG_ENABLE_MODULES = YES;
				CLANG_ENABLE_OBJC_ARC = YES;
				CLANG_WARN_BOOL_CONVERSION = YES;
				CLANG_WARN_CONSTANT_CONVERSION = YES;
				CLANG_WARN_DIRECT_OBJC_ISA_USAGE = YES_ERROR;
				CLANG_WARN_EMPTY_BODY = YES;
				CLANG_WARN_ENUM_CONVERSION = YES;
				CLANG_WARN_INT_CONVERSION = YES;
				CLANG_WARN_OBJC_ROOT_CLASS = YES_ERROR;
				CLANG_WARN_UNREACHABLE_CODE = YES;
				CLANG_WARN__DUPLICATE_METHOD_MATCH = YES;
				"CODE_SIGN_IDENTITY[sdk=iphoneos*]" = "iPhone Developer";
				COPY_PHASE_STRIP = NO;
				DEBUG_INFORMATION_FORMAT = dwarf;
				ENABLE_STRICT_OBJC_MSGSEND = YES;
				ENABLE_TESTABILITY = YES;
				GCC_C_LANGUAGE_STANDARD = gnu99;
				GCC_DYNAMIC_NO_PIC = NO;
				GCC_NO_COMMON_BLOCKS = YES;
				GCC_OPTIMIZATION_LEVEL = 0;
				GCC_PREPROCESSOR_DEFINITIONS = (
					"DEBUG=1",
					"$(inherited)",
				);
				GCC_WARN_64_TO_32_BIT_CONVERSION = YES;
				GCC_WARN_ABOUT_RETURN_TYPE = YES_ERROR;
				GCC_WARN_UNDECLARED_SELECTOR = YES;
				GCC_WARN_UNINITIALIZED_AUTOS = YES_AGGRESSIVE;
				GCC_WARN_UNUSED_FUNCTION = YES;
				GCC_WARN_UNUSED_VARIABLE = YES;
				IPHONEOS_DEPLOYMENT_TARGET = 9.3;
				MTL_ENABLE_DEBUG_INFO = YES;
				ONLY_ACTIVE_ARCH = YES;
				SDKROOT = iphoneos;
				SWIFT_OPTIMIZATION_LEVEL = "-Onone";
			};
			name = Debug;
		};
		2D996B0B1DFCC1B2008642E3 /* Release */ = {
			isa = XCBuildConfiguration;
			buildSettings = {
				ALWAYS_SEARCH_USER_PATHS = NO;
				CLANG_ANALYZER_NONNULL = YES;
				CLANG_CXX_LANGUAGE_STANDARD = "gnu++0x";
				CLANG_CXX_LIBRARY = "libc++";
				CLANG_ENABLE_MODULES = YES;
				CLANG_ENABLE_OBJC_ARC = YES;
				CLANG_WARN_BOOL_CONVERSION = YES;
				CLANG_WARN_CONSTANT_CONVERSION = YES;
				CLANG_WARN_DIRECT_OBJC_ISA_USAGE = YES_ERROR;
				CLANG_WARN_EMPTY_BODY = YES;
				CLANG_WARN_ENUM_CONVERSION = YES;
				CLANG_WARN_INT_CONVERSION = YES;
				CLANG_WARN_OBJC_ROOT_CLASS = YES_ERROR;
				CLANG_WARN_UNREACHABLE_CODE = YES;
				CLANG_WARN__DUPLICATE_METHOD_MATCH = YES;
				"CODE_SIGN_IDENTITY[sdk=iphoneos*]" = "iPhone Developer";
				COPY_PHASE_STRIP = NO;
				DEBUG_INFORMATION_FORMAT = "dwarf-with-dsym";
				ENABLE_NS_ASSERTIONS = NO;
				ENABLE_STRICT_OBJC_MSGSEND = YES;
				GCC_C_LANGUAGE_STANDARD = gnu99;
				GCC_NO_COMMON_BLOCKS = YES;
				GCC_WARN_64_TO_32_BIT_CONVERSION = YES;
				GCC_WARN_ABOUT_RETURN_TYPE = YES_ERROR;
				GCC_WARN_UNDECLARED_SELECTOR = YES;
				GCC_WARN_UNINITIALIZED_AUTOS = YES_AGGRESSIVE;
				GCC_WARN_UNUSED_FUNCTION = YES;
				GCC_WARN_UNUSED_VARIABLE = YES;
				IPHONEOS_DEPLOYMENT_TARGET = 9.3;
				MTL_ENABLE_DEBUG_INFO = NO;
				SDKROOT = iphoneos;
				VALIDATE_PRODUCT = YES;
			};
			name = Release;
		};
		2D996B0D1DFCC1B2008642E3 /* Debug */ = {
			isa = XCBuildConfiguration;
			buildSettings = {
				ASSETCATALOG_COMPILER_APPICON_NAME = AppIcon;
				INFOPLIST_FILE = CCMStatus/Info.plist;
				LD_RUNPATH_SEARCH_PATHS = "$(inherited) @executable_path/Frameworks";
				PRODUCT_BUNDLE_IDENTIFIER = com.johannmg.CCMStatus;
				PRODUCT_NAME = "$(TARGET_NAME)";
			};
			name = Debug;
		};
		2D996B0E1DFCC1B2008642E3 /* Release */ = {
			isa = XCBuildConfiguration;
			buildSettings = {
				ASSETCATALOG_COMPILER_APPICON_NAME = AppIcon;
				INFOPLIST_FILE = CCMStatus/Info.plist;
				LD_RUNPATH_SEARCH_PATHS = "$(inherited) @executable_path/Frameworks";
				PRODUCT_BUNDLE_IDENTIFIER = com.johannmg.CCMStatus;
				PRODUCT_NAME = "$(TARGET_NAME)";
			};
			name = Release;
		};
		2D996B101DFCC1B2008642E3 /* Debug */ = {
			isa = XCBuildConfiguration;
			buildSettings = {
				BUNDLE_LOADER = "$(TEST_HOST)";
				INFOPLIST_FILE = CCMStatusTests/Info.plist;
				LD_RUNPATH_SEARCH_PATHS = "$(inherited) @executable_path/Frameworks @loader_path/Frameworks";
				PRODUCT_BUNDLE_IDENTIFIER = com.johannmg.CCMStatusTests;
				PRODUCT_NAME = "$(TARGET_NAME)";
				TEST_HOST = "$(BUILT_PRODUCTS_DIR)/CCMStatus.app/CCMStatus";
			};
			name = Debug;
		};
		2D996B111DFCC1B2008642E3 /* Release */ = {
			isa = XCBuildConfiguration;
			buildSettings = {
				BUNDLE_LOADER = "$(TEST_HOST)";
				INFOPLIST_FILE = CCMStatusTests/Info.plist;
				LD_RUNPATH_SEARCH_PATHS = "$(inherited) @executable_path/Frameworks @loader_path/Frameworks";
				PRODUCT_BUNDLE_IDENTIFIER = com.johannmg.CCMStatusTests;
				PRODUCT_NAME = "$(TARGET_NAME)";
				TEST_HOST = "$(BUILT_PRODUCTS_DIR)/CCMStatus.app/CCMStatus";
			};
			name = Release;
		};
/* End XCBuildConfiguration section */

/* Begin XCConfigurationList section */
		2D996AEA1DFCC1B1008642E3 /* Build configuration list for PBXProject "CCMStatus" */ = {
			isa = XCConfigurationList;
			buildConfigurations = (
				2D996B0A1DFCC1B2008642E3 /* Debug */,
				2D996B0B1DFCC1B2008642E3 /* Release */,
			);
			defaultConfigurationIsVisible = 0;
			defaultConfigurationName = Release;
		};
		2D996B0C1DFCC1B2008642E3 /* Build configuration list for PBXNativeTarget "CCMStatus" */ = {
			isa = XCConfigurationList;
			buildConfigurations = (
				2D996B0D1DFCC1B2008642E3 /* Debug */,
				2D996B0E1DFCC1B2008642E3 /* Release */,
			);
			defaultConfigurationIsVisible = 0;
		};
		2D996B0F1DFCC1B2008642E3 /* Build configuration list for PBXNativeTarget "CCMStatusTests" */ = {
			isa = XCConfigurationList;
			buildConfigurations = (
				2D996B101DFCC1B2008642E3 /* Debug */,
				2D996B111DFCC1B2008642E3 /* Release */,
			);
			defaultConfigurationIsVisible = 0;
		};
/* End XCConfigurationList section */
	};
	rootObject = 2D996AE71DFCC1B1008642E3 /* Project object */;
}
